// !$*UTF8*$!
{
	archiveVersion = 1;
	classes = {
	};
	objectVersion = 51;
	objects = {

/* Begin PBXBuildFile section */
		49E804C22894F1C6C7C667AA /* Pods_WorkRise.framework in Frameworks */ = {isa = PBXBuildFile; fileRef = AB01423F73EBDD0455B941AB /* Pods_WorkRise.framework */; };
		6D260C2125CD955200F6C466 /* Pods_WorkRise_Development.framework in Frameworks */ = {isa = PBXBuildFile; fileRef = 6D260C2025CD955200F6C466 /* Pods_WorkRise_Development.framework */; };
		6D585E0525BF70AD00DDD4CE /* AppDelegate.swift in Sources */ = {isa = PBXBuildFile; fileRef = 6D585E0425BF70AD00DDD4CE /* AppDelegate.swift */; };
		6D585E0725BF70AD00DDD4CE /* SceneDelegate.swift in Sources */ = {isa = PBXBuildFile; fileRef = 6D585E0625BF70AD00DDD4CE /* SceneDelegate.swift */; };
		6D585E0925BF70AD00DDD4CE /* ViewController.swift in Sources */ = {isa = PBXBuildFile; fileRef = 6D585E0825BF70AD00DDD4CE /* ViewController.swift */; };
		6D585E0C25BF70AD00DDD4CE /* Main.storyboard in Resources */ = {isa = PBXBuildFile; fileRef = 6D585E0A25BF70AD00DDD4CE /* Main.storyboard */; };
		6D585E0E25BF70AE00DDD4CE /* Assets.xcassets in Resources */ = {isa = PBXBuildFile; fileRef = 6D585E0D25BF70AE00DDD4CE /* Assets.xcassets */; };
		6D585E1125BF70AE00DDD4CE /* LaunchScreen.storyboard in Resources */ = {isa = PBXBuildFile; fileRef = 6D585E0F25BF70AE00DDD4CE /* LaunchScreen.storyboard */; };
		6D585E2525BF742700DDD4CE /* ViewController.swift in Sources */ = {isa = PBXBuildFile; fileRef = 6D585E0825BF70AD00DDD4CE /* ViewController.swift */; };
		6D585E2625BF742700DDD4CE /* AppDelegate.swift in Sources */ = {isa = PBXBuildFile; fileRef = 6D585E0425BF70AD00DDD4CE /* AppDelegate.swift */; };
		6D585E2725BF742700DDD4CE /* SceneDelegate.swift in Sources */ = {isa = PBXBuildFile; fileRef = 6D585E0625BF70AD00DDD4CE /* SceneDelegate.swift */; };
		6D585E2C25BF742700DDD4CE /* LaunchScreen.storyboard in Resources */ = {isa = PBXBuildFile; fileRef = 6D585E0F25BF70AE00DDD4CE /* LaunchScreen.storyboard */; };
		6D585E2D25BF742700DDD4CE /* Assets.xcassets in Resources */ = {isa = PBXBuildFile; fileRef = 6D585E0D25BF70AE00DDD4CE /* Assets.xcassets */; };
		6D585E2F25BF742700DDD4CE /* Main.storyboard in Resources */ = {isa = PBXBuildFile; fileRef = 6D585E0A25BF70AD00DDD4CE /* Main.storyboard */; };
		BD45298A23588FDB424EFD3A /* Pods_WorkRise.framework in Frameworks */ = {isa = PBXBuildFile; fileRef = AB01423F73EBDD0455B941AB /* Pods_WorkRise.framework */; };
/* End PBXBuildFile section */

/* Begin PBXFileReference section */
		1EBC77733383F2C4045591FC /* Pods_WorkRise_Development.framework */ = {isa = PBXFileReference; explicitFileType = wrapper.framework; includeInIndex = 0; path = Pods_WorkRise_Development.framework; sourceTree = BUILT_PRODUCTS_DIR; };
		35DBC0E03CE77539BD063B63 /* Pods-WorkRise.release.xcconfig */ = {isa = PBXFileReference; includeInIndex = 1; lastKnownFileType = text.xcconfig; name = "Pods-WorkRise.release.xcconfig"; path = "Target Support Files/Pods-WorkRise/Pods-WorkRise.release.xcconfig"; sourceTree = "<group>"; };
		6D260C2025CD955200F6C466 /* Pods_WorkRise_Development.framework */ = {isa = PBXFileReference; explicitFileType = wrapper.framework; path = Pods_WorkRise_Development.framework; sourceTree = BUILT_PRODUCTS_DIR; };
		6D585E0125BF70AD00DDD4CE /* WorkRise.app */ = {isa = PBXFileReference; explicitFileType = wrapper.application; includeInIndex = 0; path = WorkRise.app; sourceTree = BUILT_PRODUCTS_DIR; };
		6D585E0425BF70AD00DDD4CE /* AppDelegate.swift */ = {isa = PBXFileReference; lastKnownFileType = sourcecode.swift; path = AppDelegate.swift; sourceTree = "<group>"; };
		6D585E0625BF70AD00DDD4CE /* SceneDelegate.swift */ = {isa = PBXFileReference; lastKnownFileType = sourcecode.swift; path = SceneDelegate.swift; sourceTree = "<group>"; };
		6D585E0825BF70AD00DDD4CE /* ViewController.swift */ = {isa = PBXFileReference; lastKnownFileType = sourcecode.swift; path = ViewController.swift; sourceTree = "<group>"; };
		6D585E0B25BF70AD00DDD4CE /* Base */ = {isa = PBXFileReference; lastKnownFileType = file.storyboard; name = Base; path = Base.lproj/Main.storyboard; sourceTree = "<group>"; };
		6D585E0D25BF70AE00DDD4CE /* Assets.xcassets */ = {isa = PBXFileReference; lastKnownFileType = folder.assetcatalog; path = Assets.xcassets; sourceTree = "<group>"; };
		6D585E1025BF70AE00DDD4CE /* Base */ = {isa = PBXFileReference; lastKnownFileType = file.storyboard; name = Base; path = Base.lproj/LaunchScreen.storyboard; sourceTree = "<group>"; };
		6D585E1225BF70AE00DDD4CE /* Info.plist */ = {isa = PBXFileReference; lastKnownFileType = text.plist.xml; path = Info.plist; sourceTree = "<group>"; };
		6D585E3325BF742700DDD4CE /* WorkRise-Development.app */ = {isa = PBXFileReference; explicitFileType = wrapper.application; includeInIndex = 0; path = "WorkRise-Development.app"; sourceTree = BUILT_PRODUCTS_DIR; };
		6D585E3425BF742700DDD4CE /* Info.debug.plist */ = {isa = PBXFileReference; lastKnownFileType = text.plist.xml; name = Info.debug.plist; path = /Users/rowan_rhodes/git/WorkRise/Info.debug.plist; sourceTree = "<absolute>"; };
		6D5860D125CC656400DDD4CE /* Release */ = {isa = PBXFileReference; lastKnownFileType = folder; path = Release; sourceTree = "<group>"; };
		6D5860D225CC657100DDD4CE /* Development */ = {isa = PBXFileReference; lastKnownFileType = folder; path = Development; sourceTree = "<group>"; };
		AB01423F73EBDD0455B941AB /* Pods_WorkRise.framework */ = {isa = PBXFileReference; explicitFileType = wrapper.framework; includeInIndex = 0; path = Pods_WorkRise.framework; sourceTree = BUILT_PRODUCTS_DIR; };
		C469AE1DCF9302757101A088 /* Pods-WorkRise.debug.xcconfig */ = {isa = PBXFileReference; includeInIndex = 1; lastKnownFileType = text.xcconfig; name = "Pods-WorkRise.debug.xcconfig"; path = "Target Support Files/Pods-WorkRise/Pods-WorkRise.debug.xcconfig"; sourceTree = "<group>"; };
		DCCF9C154C8FE7435F0AE3C5 /* Pods-WorkRise-Development.release.xcconfig */ = {isa = PBXFileReference; includeInIndex = 1; lastKnownFileType = text.xcconfig; name = "Pods-WorkRise-Development.release.xcconfig"; path = "Target Support Files/Pods-WorkRise-Development/Pods-WorkRise-Development.release.xcconfig"; sourceTree = "<group>"; };
		EB4122280539EB34E43FA9A2 /* Pods-WorkRise-Development.debug.xcconfig */ = {isa = PBXFileReference; includeInIndex = 1; lastKnownFileType = text.xcconfig; name = "Pods-WorkRise-Development.debug.xcconfig"; path = "Target Support Files/Pods-WorkRise-Development/Pods-WorkRise-Development.debug.xcconfig"; sourceTree = "<group>"; };
/* End PBXFileReference section */

/* Begin PBXFrameworksBuildPhase section */
		6D585DFE25BF70AD00DDD4CE /* Frameworks */ = {
			isa = PBXFrameworksBuildPhase;
			buildActionMask = 2147483647;
			files = (
				BD45298A23588FDB424EFD3A /* Pods_WorkRise.framework in Frameworks */,
				49E804C22894F1C6C7C667AA /* Pods_WorkRise.framework in Frameworks */,
			);
			runOnlyForDeploymentPostprocessing = 0;
		};
		6D585E2825BF742700DDD4CE /* Frameworks */ = {
			isa = PBXFrameworksBuildPhase;
			buildActionMask = 2147483647;
			files = (
				6D260C2125CD955200F6C466 /* Pods_WorkRise_Development.framework in Frameworks */,
			);
			runOnlyForDeploymentPostprocessing = 0;
		};
/* End PBXFrameworksBuildPhase section */

/* Begin PBXGroup section */
		0A673FB5CBA24EBC28AB84D5 /* Frameworks */ = {
			isa = PBXGroup;
			children = (
				6D260C2025CD955200F6C466 /* Pods_WorkRise_Development.framework */,
				AB01423F73EBDD0455B941AB /* Pods_WorkRise.framework */,
				1EBC77733383F2C4045591FC /* Pods_WorkRise_Development.framework */,
			);
			name = Frameworks;
			sourceTree = "<group>";
		};
		0AE5AB465E65CF983426D02F /* Pods */ = {
			isa = PBXGroup;
			children = (
				C469AE1DCF9302757101A088 /* Pods-WorkRise.debug.xcconfig */,
				35DBC0E03CE77539BD063B63 /* Pods-WorkRise.release.xcconfig */,
				EB4122280539EB34E43FA9A2 /* Pods-WorkRise-Development.debug.xcconfig */,
				DCCF9C154C8FE7435F0AE3C5 /* Pods-WorkRise-Development.release.xcconfig */,
			);
			path = Pods;
			sourceTree = "<group>";
		};
		6D585DF825BF70AD00DDD4CE = {
			isa = PBXGroup;
			children = (
				6D585E0325BF70AD00DDD4CE /* WorkRise */,
				6D585E0225BF70AD00DDD4CE /* Products */,
				0AE5AB465E65CF983426D02F /* Pods */,
				0A673FB5CBA24EBC28AB84D5 /* Frameworks */,
			);
			sourceTree = "<group>";
		};
		6D585E0225BF70AD00DDD4CE /* Products */ = {
			isa = PBXGroup;
			children = (
				6D585E0125BF70AD00DDD4CE /* WorkRise.app */,
				6D585E3325BF742700DDD4CE /* WorkRise-Development.app */,
			);
			name = Products;
			sourceTree = "<group>";
		};
		6D585E0325BF70AD00DDD4CE /* WorkRise */ = {
			isa = PBXGroup;
			children = (
				6D5860D225CC657100DDD4CE /* Development */,
				6D5860D125CC656400DDD4CE /* Release */,
				6D585E0425BF70AD00DDD4CE /* AppDelegate.swift */,
				6D585E0625BF70AD00DDD4CE /* SceneDelegate.swift */,
				6D585E0825BF70AD00DDD4CE /* ViewController.swift */,
				6D585E0A25BF70AD00DDD4CE /* Main.storyboard */,
				6D585E0D25BF70AE00DDD4CE /* Assets.xcassets */,
				6D585E0F25BF70AE00DDD4CE /* LaunchScreen.storyboard */,
				6D585E1225BF70AE00DDD4CE /* Info.plist */,
				6D585E3425BF742700DDD4CE /* Info.debug.plist */,
			);
			path = WorkRise;
			sourceTree = "<group>";
		};
/* End PBXGroup section */

/* Begin PBXNativeTarget section */
		6D585E0025BF70AD00DDD4CE /* WorkRise */ = {
			isa = PBXNativeTarget;
			buildConfigurationList = 6D585E1525BF70AE00DDD4CE /* Build configuration list for PBXNativeTarget "WorkRise" */;
			buildPhases = (
				FA6B0280C7EB920CF7F94FD5 /* [CP] Check Pods Manifest.lock */,
				6D585DFD25BF70AD00DDD4CE /* Sources */,
				6D585DFE25BF70AD00DDD4CE /* Frameworks */,
				6D585DFF25BF70AD00DDD4CE /* Resources */,
				9DC5939F4F786B359013AD9E /* [CP] Embed Pods Frameworks */,
				6D260BF925CD8F0300F6C466 /* Copy GoogleService-Info.plist */,
				6D260C2225CD955F00F6C466 /* Firebase Crashlytics */,
			);
			buildRules = (
			);
			dependencies = (
			);
			name = WorkRise;
			productName = WorkRise;
			productReference = 6D585E0125BF70AD00DDD4CE /* WorkRise.app */;
			productType = "com.apple.product-type.application";
		};
		6D585E2225BF742700DDD4CE /* WorkRise-Development */ = {
			isa = PBXNativeTarget;
			buildConfigurationList = 6D585E3025BF742700DDD4CE /* Build configuration list for PBXNativeTarget "WorkRise-Development" */;
			buildPhases = (
				0B004773A6BE30E5D78BBB3C /* [CP] Check Pods Manifest.lock */,
				6D585E2425BF742700DDD4CE /* Sources */,
				6D585E2825BF742700DDD4CE /* Frameworks */,
				6D585E2A25BF742700DDD4CE /* Resources */,
				5072A0AFEDDFE07E8A4D8336 /* [CP] Embed Pods Frameworks */,
				6D58605525CA025400DDD4CE /* Copy GoogleService-Info.plist */,
				6D260C2325CD95AB00F6C466 /* Firebase-Crashlytics */,
				6D260C3C25D97B0900F6C466 /* Swiftlint */,
			);
			buildRules = (
			);
			dependencies = (
			);
			name = "WorkRise-Development";
			productName = WorkRise;
			productReference = 6D585E3325BF742700DDD4CE /* WorkRise-Development.app */;
			productType = "com.apple.product-type.application";
		};
/* End PBXNativeTarget section */

/* Begin PBXProject section */
		6D585DF925BF70AD00DDD4CE /* Project object */ = {
			isa = PBXProject;
			attributes = {
				LastSwiftUpdateCheck = 1230;
				LastUpgradeCheck = 1230;
				TargetAttributes = {
					6D585E0025BF70AD00DDD4CE = {
						CreatedOnToolsVersion = 12.3;
					};
				};
			};
			buildConfigurationList = 6D585DFC25BF70AD00DDD4CE /* Build configuration list for PBXProject "WorkRise" */;
			compatibilityVersion = "Xcode 9.3";
			developmentRegion = en;
			hasScannedForEncodings = 0;
			knownRegions = (
				en,
				Base,
			);
			mainGroup = 6D585DF825BF70AD00DDD4CE;
			productRefGroup = 6D585E0225BF70AD00DDD4CE /* Products */;
			projectDirPath = "";
			projectRoot = "";
			targets = (
				6D585E0025BF70AD00DDD4CE /* WorkRise */,
				6D585E2225BF742700DDD4CE /* WorkRise-Development */,
			);
		};
/* End PBXProject section */

/* Begin PBXResourcesBuildPhase section */
		6D585DFF25BF70AD00DDD4CE /* Resources */ = {
			isa = PBXResourcesBuildPhase;
			buildActionMask = 2147483647;
			files = (
				6D585E1125BF70AE00DDD4CE /* LaunchScreen.storyboard in Resources */,
				6D585E0E25BF70AE00DDD4CE /* Assets.xcassets in Resources */,
				6D585E0C25BF70AD00DDD4CE /* Main.storyboard in Resources */,
			);
			runOnlyForDeploymentPostprocessing = 0;
		};
		6D585E2A25BF742700DDD4CE /* Resources */ = {
			isa = PBXResourcesBuildPhase;
			buildActionMask = 2147483647;
			files = (
				6D585E2C25BF742700DDD4CE /* LaunchScreen.storyboard in Resources */,
				6D585E2D25BF742700DDD4CE /* Assets.xcassets in Resources */,
				6D585E2F25BF742700DDD4CE /* Main.storyboard in Resources */,
			);
			runOnlyForDeploymentPostprocessing = 0;
		};
/* End PBXResourcesBuildPhase section */

/* Begin PBXShellScriptBuildPhase section */
		0B004773A6BE30E5D78BBB3C /* [CP] Check Pods Manifest.lock */ = {
			isa = PBXShellScriptBuildPhase;
			buildActionMask = 2147483647;
			files = (
			);
			inputFileListPaths = (
			);
			inputPaths = (
				"${PODS_PODFILE_DIR_PATH}/Podfile.lock",
				"${PODS_ROOT}/Manifest.lock",
			);
			name = "[CP] Check Pods Manifest.lock";
			outputFileListPaths = (
			);
			outputPaths = (
				"$(DERIVED_FILE_DIR)/Pods-WorkRise-Development-checkManifestLockResult.txt",
			);
			runOnlyForDeploymentPostprocessing = 0;
			shellPath = /bin/sh;
			shellScript = "diff \"${PODS_PODFILE_DIR_PATH}/Podfile.lock\" \"${PODS_ROOT}/Manifest.lock\" > /dev/null\nif [ $? != 0 ] ; then\n    # print error to STDERR\n    echo \"error: The sandbox is not in sync with the Podfile.lock. Run 'pod install' or update your CocoaPods installation.\" >&2\n    exit 1\nfi\n# This output is used by Xcode 'outputs' to avoid re-running this script phase.\necho \"SUCCESS\" > \"${SCRIPT_OUTPUT_FILE_0}\"\n";
			showEnvVarsInLog = 0;
		};
		5072A0AFEDDFE07E8A4D8336 /* [CP] Embed Pods Frameworks */ = {
			isa = PBXShellScriptBuildPhase;
			buildActionMask = 2147483647;
			files = (
			);
			inputFileListPaths = (
				"${PODS_ROOT}/Target Support Files/Pods-WorkRise-Development/Pods-WorkRise-Development-frameworks-${CONFIGURATION}-input-files.xcfilelist",
			);
			name = "[CP] Embed Pods Frameworks";
			outputFileListPaths = (
				"${PODS_ROOT}/Target Support Files/Pods-WorkRise-Development/Pods-WorkRise-Development-frameworks-${CONFIGURATION}-output-files.xcfilelist",
			);
			runOnlyForDeploymentPostprocessing = 0;
			shellPath = /bin/sh;
			shellScript = "\"${PODS_ROOT}/Target Support Files/Pods-WorkRise-Development/Pods-WorkRise-Development-frameworks.sh\"\n";
			showEnvVarsInLog = 0;
		};
		6D260BF925CD8F0300F6C466 /* Copy GoogleService-Info.plist */ = {
			isa = PBXShellScriptBuildPhase;
			buildActionMask = 2147483647;
			files = (
			);
			inputFileListPaths = (
			);
			inputPaths = (
			);
			name = "Copy GoogleService-Info.plist";
			outputFileListPaths = (
			);
			outputPaths = (
			);
			runOnlyForDeploymentPostprocessing = 0;
			shellPath = /bin/sh;
			shellScript = "# Name of the resource we're selectively copying\nGOOGLESERVICE_INFO_PLIST=GoogleService-Info.plist\n\n# Get references to dev and prod versions of the GoogleService-Info.plist\n# NOTE: These should only live on the file system and should NOT be part of the target (since we'll be adding them to the target manually)\nGOOGLESERVICE_INFO_DEV=${PROJECT_DIR}/${PROJECT}/Development/${GOOGLESERVICE_INFO_PLIST}\nGOOGLESERVICE_INFO_PROD=${PROJECT_DIR}/${PROJECT}/Release/${GOOGLESERVICE_INFO_PLIST}\n\n# Make sure the dev version of GoogleService-Info.plist exist\necho \"Looking for ${GOOGLESERVICE_INFO_PLIST} in ${GOOGLESERVICE_INFO_DEV}\"\nif [ ! -f $GOOGLESERVICE_INFO_DEV ]\nthen\n    echo \"No Development GoogleService-Info.plist found. Please ensure it's in the proper directory.\"\n    exit 1\nfi\n\n# Make sure the prod version of GoogleService-Info.plist exists\necho \"Looking for ${GOOGLESERVICE_INFO_PLIST} in ${GOOGLESERVICE_INFO_PROD}\"\nif [ ! -f $GOOGLESERVICE_INFO_PROD ]\nthen\n    echo \"No Production GoogleService-Info.plist found. Please ensure it's in the proper directory.\"\n    exit 1\nfi\n\n# Get a reference to the destination location for the GoogleService-Info.plist\nPLIST_DESTINATION=${BUILT_PRODUCTS_DIR}/${PRODUCT_NAME}.app\necho \"Will copy ${GOOGLESERVICE_INFO_PLIST} to final destination: ${PLIST_DESTINATION}\"\n\n# Copy over the prod GoogleService-Info.plist for Release builds\nif [ \"${CONFIGURATION}\" == \"Release\" ]\nthen\n    echo \"Using ${GOOGLESERVICE_INFO_PROD}\"\n    cp \"${GOOGLESERVICE_INFO_PROD}\" \"${PLIST_DESTINATION}\"\nelse\n    echo \"Using ${GOOGLESERVICE_INFO_DEV}\"\n    cp \"${GOOGLESERVICE_INFO_DEV}\" \"${PLIST_DESTINATION}\"\nfi\n";
		};
		6D260C2225CD955F00F6C466 /* Firebase Crashlytics */ = {
			isa = PBXShellScriptBuildPhase;
			buildActionMask = 2147483647;
			files = (
			);
			inputFileListPaths = (
			);
			inputPaths = (
				"${DWARF_DSYM_FOLDER_PATH}/${DWARF_DSYM_FILE_NAME}/Contents/Resources/DWARF/${TARGET_NAME}",
				"$(SRCROOT)/$(BUILT_PRODUCTS_DIR)/$(INFOPLIST_PATH)",
			);
			name = "Firebase Crashlytics";
			outputFileListPaths = (
			);
			outputPaths = (
			);
			runOnlyForDeploymentPostprocessing = 0;
			shellPath = /bin/sh;
			shellScript = "\"${PODS_ROOT}/FirebaseCrashlytics/run\"\n";
		};
		6D260C2325CD95AB00F6C466 /* Firebase-Crashlytics */ = {
			isa = PBXShellScriptBuildPhase;
			buildActionMask = 2147483647;
			files = (
			);
			inputFileListPaths = (
			);
			inputPaths = (
				"${DWARF_DSYM_FOLDER_PATH}/${DWARF_DSYM_FILE_NAME}/Contents/Resources/DWARF/${TARGET_NAME}",
				"$(SRCROOT)/$(BUILT_PRODUCTS_DIR)/$(INFOPLIST_PATH)",
			);
			name = "Firebase-Crashlytics";
			outputFileListPaths = (
			);
			outputPaths = (
			);
			runOnlyForDeploymentPostprocessing = 0;
			shellPath = /bin/sh;
			shellScript = "\"${PODS_ROOT}/FirebaseCrashlytics/run\"\n";
		};
		6D260C3C25D97B0900F6C466 /* Swiftlint */ = {
			isa = PBXShellScriptBuildPhase;
			buildActionMask = 2147483647;
			files = (
			);
			inputFileListPaths = (
			);
			inputPaths = (
			);
			name = Swiftlint;
			outputFileListPaths = (
			);
			outputPaths = (
			);
			runOnlyForDeploymentPostprocessing = 0;
			shellPath = /bin/sh;
			shellScript = "\"${PODS_ROOT}/SwiftLint/swiftlint\"\n";
		};
		6D58605525CA025400DDD4CE /* Copy GoogleService-Info.plist */ = {
			isa = PBXShellScriptBuildPhase;
			buildActionMask = 2147483647;
			files = (
			);
			inputFileListPaths = (
			);
			inputPaths = (
			);
			name = "Copy GoogleService-Info.plist";
			outputFileListPaths = (
			);
			outputPaths = (
			);
			runOnlyForDeploymentPostprocessing = 0;
			shellPath = /bin/sh;
			shellScript = "# Name of the resource we're selectively copying\nGOOGLESERVICE_INFO_PLIST=GoogleService-Info.plist\n\n# Get references to dev and prod versions of the GoogleService-Info.plist\n# NOTE: These should only live on the file system and should NOT be part of the target (since we'll be adding them to the target manually)\nGOOGLESERVICE_INFO_DEV=${PROJECT_DIR}/${PROJECT}/Development/${GOOGLESERVICE_INFO_PLIST}\nGOOGLESERVICE_INFO_PROD=${PROJECT_DIR}/${PROJECT}/Release/${GOOGLESERVICE_INFO_PLIST}\n\n# Make sure the dev version of GoogleService-Info.plist exist\necho \"Looking for ${GOOGLESERVICE_INFO_PLIST} in ${GOOGLESERVICE_INFO_DEV}\"\nif [ ! -f $GOOGLESERVICE_INFO_DEV ]\nthen\n    echo \"No Development GoogleService-Info.plist found. Please ensure it's in the proper directory.\"\n    exit 1\nfi\n\n# Make sure the prod version of GoogleService-Info.plist exists\necho \"Looking for ${GOOGLESERVICE_INFO_PLIST} in ${GOOGLESERVICE_INFO_PROD}\"\nif [ ! -f $GOOGLESERVICE_INFO_PROD ]\nthen\n    echo \"No Production GoogleService-Info.plist found. Please ensure it's in the proper directory.\"\n    exit 1\nfi\n\n# Get a reference to the destination location for the GoogleService-Info.plist\nPLIST_DESTINATION=${BUILT_PRODUCTS_DIR}/${PRODUCT_NAME}.app\necho \"Will copy ${GOOGLESERVICE_INFO_PLIST} to final destination: ${PLIST_DESTINATION}\"\n\n# Copy over the prod GoogleService-Info.plist for Release builds\nif [ \"${CONFIGURATION}\" == \"Release\" ]\nthen\n    echo \"Using ${GOOGLESERVICE_INFO_PROD}\"\n    cp \"${GOOGLESERVICE_INFO_PROD}\" \"${PLIST_DESTINATION}\"\nelse\n    echo \"Using ${GOOGLESERVICE_INFO_DEV}\"\n    cp \"${GOOGLESERVICE_INFO_DEV}\" \"${PLIST_DESTINATION}\"\nfi\n";
		};
		9DC5939F4F786B359013AD9E /* [CP] Embed Pods Frameworks */ = {
			isa = PBXShellScriptBuildPhase;
			buildActionMask = 2147483647;
			files = (
			);
			inputFileListPaths = (
				"${PODS_ROOT}/Target Support Files/Pods-WorkRise/Pods-WorkRise-frameworks-${CONFIGURATION}-input-files.xcfilelist",
			);
			name = "[CP] Embed Pods Frameworks";
			outputFileListPaths = (
				"${PODS_ROOT}/Target Support Files/Pods-WorkRise/Pods-WorkRise-frameworks-${CONFIGURATION}-output-files.xcfilelist",
			);
			runOnlyForDeploymentPostprocessing = 0;
			shellPath = /bin/sh;
			shellScript = "\"${PODS_ROOT}/Target Support Files/Pods-WorkRise/Pods-WorkRise-frameworks.sh\"\n";
			showEnvVarsInLog = 0;
		};
		FA6B0280C7EB920CF7F94FD5 /* [CP] Check Pods Manifest.lock */ = {
			isa = PBXShellScriptBuildPhase;
			buildActionMask = 2147483647;
			files = (
			);
			inputFileListPaths = (
			);
			inputPaths = (
				"${PODS_PODFILE_DIR_PATH}/Podfile.lock",
				"${PODS_ROOT}/Manifest.lock",
			);
			name = "[CP] Check Pods Manifest.lock";
			outputFileListPaths = (
			);
			outputPaths = (
				"$(DERIVED_FILE_DIR)/Pods-WorkRise-checkManifestLockResult.txt",
			);
			runOnlyForDeploymentPostprocessing = 0;
			shellPath = /bin/sh;
			shellScript = "diff \"${PODS_PODFILE_DIR_PATH}/Podfile.lock\" \"${PODS_ROOT}/Manifest.lock\" > /dev/null\nif [ $? != 0 ] ; then\n    # print error to STDERR\n    echo \"error: The sandbox is not in sync with the Podfile.lock. Run 'pod install' or update your CocoaPods installation.\" >&2\n    exit 1\nfi\n# This output is used by Xcode 'outputs' to avoid re-running this script phase.\necho \"SUCCESS\" > \"${SCRIPT_OUTPUT_FILE_0}\"\n";
			showEnvVarsInLog = 0;
		};
/* End PBXShellScriptBuildPhase section */

/* Begin PBXSourcesBuildPhase section */
		6D585DFD25BF70AD00DDD4CE /* Sources */ = {
			isa = PBXSourcesBuildPhase;
			buildActionMask = 2147483647;
			files = (
				6D585E0925BF70AD00DDD4CE /* ViewController.swift in Sources */,
				6D585E0525BF70AD00DDD4CE /* AppDelegate.swift in Sources */,
				6D585E0725BF70AD00DDD4CE /* SceneDelegate.swift in Sources */,
			);
			runOnlyForDeploymentPostprocessing = 0;
		};
		6D585E2425BF742700DDD4CE /* Sources */ = {
			isa = PBXSourcesBuildPhase;
			buildActionMask = 2147483647;
			files = (
				6D585E2525BF742700DDD4CE /* ViewController.swift in Sources */,
				6D585E2625BF742700DDD4CE /* AppDelegate.swift in Sources */,
				6D585E2725BF742700DDD4CE /* SceneDelegate.swift in Sources */,
			);
			runOnlyForDeploymentPostprocessing = 0;
		};
/* End PBXSourcesBuildPhase section */

/* Begin PBXVariantGroup section */
		6D585E0A25BF70AD00DDD4CE /* Main.storyboard */ = {
			isa = PBXVariantGroup;
			children = (
				6D585E0B25BF70AD00DDD4CE /* Base */,
			);
			name = Main.storyboard;
			sourceTree = "<group>";
		};
		6D585E0F25BF70AE00DDD4CE /* LaunchScreen.storyboard */ = {
			isa = PBXVariantGroup;
			children = (
				6D585E1025BF70AE00DDD4CE /* Base */,
			);
			name = LaunchScreen.storyboard;
			sourceTree = "<group>";
		};
/* End PBXVariantGroup section */

/* Begin XCBuildConfiguration section */
		6D585E1325BF70AE00DDD4CE /* Debug */ = {
			isa = XCBuildConfiguration;
			buildSettings = {
				ALWAYS_SEARCH_USER_PATHS = NO;
				CLANG_ANALYZER_NONNULL = YES;
				CLANG_ANALYZER_NUMBER_OBJECT_CONVERSION = YES_AGGRESSIVE;
				CLANG_CXX_LANGUAGE_STANDARD = "gnu++14";
				CLANG_CXX_LIBRARY = "libc++";
				CLANG_ENABLE_MODULES = YES;
				CLANG_ENABLE_OBJC_ARC = YES;
				CLANG_ENABLE_OBJC_WEAK = YES;
				CLANG_WARN_BLOCK_CAPTURE_AUTORELEASING = YES;
				CLANG_WARN_BOOL_CONVERSION = YES;
				CLANG_WARN_COMMA = YES;
				CLANG_WARN_CONSTANT_CONVERSION = YES;
				CLANG_WARN_DEPRECATED_OBJC_IMPLEMENTATIONS = YES;
				CLANG_WARN_DIRECT_OBJC_ISA_USAGE = YES_ERROR;
				CLANG_WARN_DOCUMENTATION_COMMENTS = YES;
				CLANG_WARN_EMPTY_BODY = YES;
				CLANG_WARN_ENUM_CONVERSION = YES;
				CLANG_WARN_INFINITE_RECURSION = YES;
				CLANG_WARN_INT_CONVERSION = YES;
				CLANG_WARN_NON_LITERAL_NULL_CONVERSION = YES;
				CLANG_WARN_OBJC_IMPLICIT_RETAIN_SELF = YES;
				CLANG_WARN_OBJC_LITERAL_CONVERSION = YES;
				CLANG_WARN_OBJC_ROOT_CLASS = YES_ERROR;
				CLANG_WARN_QUOTED_INCLUDE_IN_FRAMEWORK_HEADER = YES;
				CLANG_WARN_RANGE_LOOP_ANALYSIS = YES;
				CLANG_WARN_STRICT_PROTOTYPES = YES;
				CLANG_WARN_SUSPICIOUS_MOVE = YES;
				CLANG_WARN_UNGUARDED_AVAILABILITY = YES_AGGRESSIVE;
				CLANG_WARN_UNREACHABLE_CODE = YES;
				CLANG_WARN__DUPLICATE_METHOD_MATCH = YES;
				COPY_PHASE_STRIP = NO;
				DEBUG_INFORMATION_FORMAT = dwarf;
				ENABLE_STRICT_OBJC_MSGSEND = YES;
				ENABLE_TESTABILITY = YES;
				GCC_C_LANGUAGE_STANDARD = gnu11;
				GCC_DYNAMIC_NO_PIC = NO;
				GCC_NO_COMMON_BLOCKS = YES;
				GCC_OPTIMIZATION_LEVEL = 0;
				GCC_PREPROCESSOR_DEFINITIONS = (
					"DEBUG=1",
					"$(inherited)",
				);
				GCC_WARN_64_TO_32_BIT_CONVERSION = YES;
				GCC_WARN_ABOUT_RETURN_TYPE = YES_ERROR;
				GCC_WARN_UNDECLARED_SELECTOR = YES;
				GCC_WARN_UNINITIALIZED_AUTOS = YES_AGGRESSIVE;
				GCC_WARN_UNUSED_FUNCTION = YES;
				GCC_WARN_UNUSED_VARIABLE = YES;
				IPHONEOS_DEPLOYMENT_TARGET = 14.3;
				MTL_ENABLE_DEBUG_INFO = INCLUDE_SOURCE;
				MTL_FAST_MATH = YES;
				ONLY_ACTIVE_ARCH = YES;
				SDKROOT = iphoneos;
				SWIFT_ACTIVE_COMPILATION_CONDITIONS = DEBUG;
				SWIFT_OPTIMIZATION_LEVEL = "-Onone";
			};
			name = Debug;
		};
		6D585E1425BF70AE00DDD4CE /* Release */ = {
			isa = XCBuildConfiguration;
			buildSettings = {
				ALWAYS_SEARCH_USER_PATHS = NO;
				CLANG_ANALYZER_NONNULL = YES;
				CLANG_ANALYZER_NUMBER_OBJECT_CONVERSION = YES_AGGRESSIVE;
				CLANG_CXX_LANGUAGE_STANDARD = "gnu++14";
				CLANG_CXX_LIBRARY = "libc++";
				CLANG_ENABLE_MODULES = YES;
				CLANG_ENABLE_OBJC_ARC = YES;
				CLANG_ENABLE_OBJC_WEAK = YES;
				CLANG_WARN_BLOCK_CAPTURE_AUTORELEASING = YES;
				CLANG_WARN_BOOL_CONVERSION = YES;
				CLANG_WARN_COMMA = YES;
				CLANG_WARN_CONSTANT_CONVERSION = YES;
				CLANG_WARN_DEPRECATED_OBJC_IMPLEMENTATIONS = YES;
				CLANG_WARN_DIRECT_OBJC_ISA_USAGE = YES_ERROR;
				CLANG_WARN_DOCUMENTATION_COMMENTS = YES;
				CLANG_WARN_EMPTY_BODY = YES;
				CLANG_WARN_ENUM_CONVERSION = YES;
				CLANG_WARN_INFINITE_RECURSION = YES;
				CLANG_WARN_INT_CONVERSION = YES;
				CLANG_WARN_NON_LITERAL_NULL_CONVERSION = YES;
				CLANG_WARN_OBJC_IMPLICIT_RETAIN_SELF = YES;
				CLANG_WARN_OBJC_LITERAL_CONVERSION = YES;
				CLANG_WARN_OBJC_ROOT_CLASS = YES_ERROR;
				CLANG_WARN_QUOTED_INCLUDE_IN_FRAMEWORK_HEADER = YES;
				CLANG_WARN_RANGE_LOOP_ANALYSIS = YES;
				CLANG_WARN_STRICT_PROTOTYPES = YES;
				CLANG_WARN_SUSPICIOUS_MOVE = YES;
				CLANG_WARN_UNGUARDED_AVAILABILITY = YES_AGGRESSIVE;
				CLANG_WARN_UNREACHABLE_CODE = YES;
				CLANG_WARN__DUPLICATE_METHOD_MATCH = YES;
				COPY_PHASE_STRIP = NO;
				DEBUG_INFORMATION_FORMAT = "dwarf-with-dsym";
				ENABLE_NS_ASSERTIONS = NO;
				ENABLE_STRICT_OBJC_MSGSEND = YES;
				GCC_C_LANGUAGE_STANDARD = gnu11;
				GCC_NO_COMMON_BLOCKS = YES;
				GCC_WARN_64_TO_32_BIT_CONVERSION = YES;
				GCC_WARN_ABOUT_RETURN_TYPE = YES_ERROR;
				GCC_WARN_UNDECLARED_SELECTOR = YES;
				GCC_WARN_UNINITIALIZED_AUTOS = YES_AGGRESSIVE;
				GCC_WARN_UNUSED_FUNCTION = YES;
				GCC_WARN_UNUSED_VARIABLE = YES;
				IPHONEOS_DEPLOYMENT_TARGET = 14.3;
				MTL_ENABLE_DEBUG_INFO = NO;
				MTL_FAST_MATH = YES;
				SDKROOT = iphoneos;
				SWIFT_COMPILATION_MODE = wholemodule;
				SWIFT_OPTIMIZATION_LEVEL = "-O";
				VALIDATE_PRODUCT = YES;
			};
			name = Release;
		};
		6D585E1625BF70AE00DDD4CE /* Debug */ = {
			isa = XCBuildConfiguration;
			baseConfigurationReference = C469AE1DCF9302757101A088 /* Pods-WorkRise.debug.xcconfig */;
			buildSettings = {
				ASSETCATALOG_COMPILER_APPICON_NAME = AppIcon;
				ASSETCATALOG_COMPILER_GLOBAL_ACCENT_COLOR_NAME = AccentColor;
				CODE_SIGN_STYLE = Automatic;
				DEVELOPMENT_TEAM = AZ4P4F7384;
				GCC_PREPROCESSOR_DEFINITIONS = (
					"$(inherited)",
					"COCOAPODS=1",
				);
				INFOPLIST_FILE = WorkRise/Info.plist;
				LD_RUNPATH_SEARCH_PATHS = (
					"$(inherited)",
					"@executable_path/Frameworks",
				);
				OTHER_SWIFT_FLAGS = "";
				PRODUCT_BUNDLE_IDENTIFIER = rowanrhodes.WorkRise;
				PRODUCT_NAME = "$(TARGET_NAME)";
				SWIFT_VERSION = 5.0;
				TARGETED_DEVICE_FAMILY = "1,2";
			};
			name = Debug;
		};
		6D585E1725BF70AE00DDD4CE /* Release */ = {
			isa = XCBuildConfiguration;
			baseConfigurationReference = 35DBC0E03CE77539BD063B63 /* Pods-WorkRise.release.xcconfig */;
			buildSettings = {
				ASSETCATALOG_COMPILER_APPICON_NAME = AppIcon;
				ASSETCATALOG_COMPILER_GLOBAL_ACCENT_COLOR_NAME = AccentColor;
				CODE_SIGN_STYLE = Automatic;
				DEVELOPMENT_TEAM = AZ4P4F7384;
				INFOPLIST_FILE = WorkRise/Info.plist;
				LD_RUNPATH_SEARCH_PATHS = (
					"$(inherited)",
					"@executable_path/Frameworks",
				);
				ONLY_ACTIVE_ARCH = YES;
				OTHER_SWIFT_FLAGS = "";
				PRODUCT_BUNDLE_IDENTIFIER = rowanrhodes.WorkRise;
				PRODUCT_NAME = "$(TARGET_NAME)";
				SWIFT_VERSION = 5.0;
				TARGETED_DEVICE_FAMILY = "1,2";
			};
			name = Release;
		};
		6D585E3125BF742700DDD4CE /* Debug */ = {
			isa = XCBuildConfiguration;
			baseConfigurationReference = EB4122280539EB34E43FA9A2 /* Pods-WorkRise-Development.debug.xcconfig */;
			buildSettings = {
				ASSETCATALOG_COMPILER_APPICON_NAME = "AppIcon-Dev";
				ASSETCATALOG_COMPILER_GLOBAL_ACCENT_COLOR_NAME = AccentColor;
				CODE_SIGN_STYLE = Automatic;
				DEVELOPMENT_TEAM = AZ4P4F7384;
				GCC_PREPROCESSOR_DEFINITIONS = (
					"$(inherited)",
					"COCOAPODS=1",
				);
				INFOPLIST_FILE = "$(SRCROOT)/Info.debug.plist";
				LD_RUNPATH_SEARCH_PATHS = (
					"$(inherited)",
					"@executable_path/Frameworks",
				);
				OTHER_SWIFT_FLAGS = "-DEVELOPMENT";
				PRODUCT_BUNDLE_IDENTIFIER = "rowanrhodes.WorkRise-Dev";
				PRODUCT_NAME = "$(TARGET_NAME)";
				SWIFT_VERSION = 5.0;
				TARGETED_DEVICE_FAMILY = "1,2";
			};
			name = Debug;
		};
		6D585E3225BF742700DDD4CE /* Release */ = {
			isa = XCBuildConfiguration;
			baseConfigurationReference = DCCF9C154C8FE7435F0AE3C5 /* Pods-WorkRise-Development.release.xcconfig */;
			buildSettings = {
				ASSETCATALOG_COMPILER_APPICON_NAME = "AppIcon-Dev";
				ASSETCATALOG_COMPILER_GLOBAL_ACCENT_COLOR_NAME = AccentColor;
				CODE_SIGN_STYLE = Automatic;
				DEVELOPMENT_TEAM = AZ4P4F7384;
				INFOPLIST_FILE = "$(SRCROOT)/Info.debug.plist";
				LD_RUNPATH_SEARCH_PATHS = (
					"$(inherited)",
					"@executable_path/Frameworks",
				);
				ONLY_ACTIVE_ARCH = YES;
				OTHER_SWIFT_FLAGS = "-DEVELOPMENT";
				PRODUCT_BUNDLE_IDENTIFIER = "rowanrhodes.WorkRise-Dev";
				PRODUCT_NAME = "$(TARGET_NAME)";
				SWIFT_VERSION = 5.0;
				TARGETED_DEVICE_FAMILY = "1,2";
			};
			name = Release;
		};
/* End XCBuildConfiguration section */

/* Begin XCConfigurationList section */
		6D585DFC25BF70AD00DDD4CE /* Build configuration list for PBXProject "WorkRise" */ = {
			isa = XCConfigurationList;
			buildConfigurations = (
				6D585E1325BF70AE00DDD4CE /* Debug */,
				6D585E1425BF70AE00DDD4CE /* Release */,
			);
			defaultConfigurationIsVisible = 0;
			defaultConfigurationName = Release;
		};
		6D585E1525BF70AE00DDD4CE /* Build configuration list for PBXNativeTarget "WorkRise" */ = {
			isa = XCConfigurationList;
			buildConfigurations = (
				6D585E1625BF70AE00DDD4CE /* Debug */,
				6D585E1725BF70AE00DDD4CE /* Release */,
			);
			defaultConfigurationIsVisible = 0;
			defaultConfigurationName = Release;
		};
		6D585E3025BF742700DDD4CE /* Build configuration list for PBXNativeTarget "WorkRise-Development" */ = {
			isa = XCConfigurationList;
			buildConfigurations = (
				6D585E3125BF742700DDD4CE /* Debug */,
				6D585E3225BF742700DDD4CE /* Release */,
			);
			defaultConfigurationIsVisible = 0;
			defaultConfigurationName = Release;
		};
/* End XCConfigurationList section */
	};
	rootObject = 6D585DF925BF70AD00DDD4CE /* Project object */;
}
